// !$*UTF8*$!
{
	archiveVersion = 1;
	classes = {
	};
	objectVersion = 46;
	objects = {

/* Begin PBXBuildFile section */
		4C2F87A7194B085E00DDD844 /* Foundation.framework in Frameworks */ = {isa = PBXBuildFile; fileRef = 4C2F87A6194B085E00DDD844 /* Foundation.framework */; };
		4C2F87A9194B085E00DDD844 /* CoreGraphics.framework in Frameworks */ = {isa = PBXBuildFile; fileRef = 4C2F87A8194B085E00DDD844 /* CoreGraphics.framework */; };
		4C2F87AB194B085E00DDD844 /* UIKit.framework in Frameworks */ = {isa = PBXBuildFile; fileRef = 4C2F87AA194B085E00DDD844 /* UIKit.framework */; };
		4C2F87B1194B085E00DDD844 /* InfoPlist.strings in Resources */ = {isa = PBXBuildFile; fileRef = 4C2F87AF194B085E00DDD844 /* InfoPlist.strings */; };
		4C2F87B3194B085E00DDD844 /* main.m in Sources */ = {isa = PBXBuildFile; fileRef = 4C2F87B2194B085E00DDD844 /* main.m */; };
		4C2F87B7194B085E00DDD844 /* AppDelegate.m in Sources */ = {isa = PBXBuildFile; fileRef = 4C2F87B6194B085E00DDD844 /* AppDelegate.m */; };
		4C2F87BA194B085E00DDD844 /* Main.storyboard in Resources */ = {isa = PBXBuildFile; fileRef = 4C2F87B8194B085E00DDD844 /* Main.storyboard */; };
		4C2F87BD194B085E00DDD844 /* ViewController.m in Sources */ = {isa = PBXBuildFile; fileRef = 4C2F87BC194B085E00DDD844 /* ViewController.m */; };
		4C2F87BF194B085E00DDD844 /* Images.xcassets in Resources */ = {isa = PBXBuildFile; fileRef = 4C2F87BE194B085E00DDD844 /* Images.xcassets */; };
		4C2F87C6194B085E00DDD844 /* XCTest.framework in Frameworks */ = {isa = PBXBuildFile; fileRef = 4C2F87C5194B085E00DDD844 /* XCTest.framework */; };
		4C2F87C7194B085E00DDD844 /* Foundation.framework in Frameworks */ = {isa = PBXBuildFile; fileRef = 4C2F87A6194B085E00DDD844 /* Foundation.framework */; };
		4C2F87C8194B085E00DDD844 /* UIKit.framework in Frameworks */ = {isa = PBXBuildFile; fileRef = 4C2F87AA194B085E00DDD844 /* UIKit.framework */; };
		4C2F87D0194B085E00DDD844 /* InfoPlist.strings in Resources */ = {isa = PBXBuildFile; fileRef = 4C2F87CE194B085E00DDD844 /* InfoPlist.strings */; };
		4C2F87D2194B085E00DDD844 /* BeaconTests.m in Sources */ = {isa = PBXBuildFile; fileRef = 4C2F87D1194B085E00DDD844 /* BeaconTests.m */; };
		4C2F87DC194B157000DDD844 /* CoreBluetooth.framework in Frameworks */ = {isa = PBXBuildFile; fileRef = 4C2F87DB194B157000DDD844 /* CoreBluetooth.framework */; };
		4C2F87DE194B158000DDD844 /* CoreLocation.framework in Frameworks */ = {isa = PBXBuildFile; fileRef = 4C2F87DD194B158000DDD844 /* CoreLocation.framework */; };
/* End PBXBuildFile section */

/* Begin PBXContainerItemProxy section */
		4C2F87C9194B085E00DDD844 /* PBXContainerItemProxy */ = {
			isa = PBXContainerItemProxy;
			containerPortal = 4C2F879B194B085E00DDD844 /* Project object */;
			proxyType = 1;
			remoteGlobalIDString = 4C2F87A2194B085E00DDD844;
			remoteInfo = Beacon;
		};
/* End PBXContainerItemProxy section */

/* Begin PBXFileReference section */
		4C2F87A3194B085E00DDD844 /* Beacon.app */ = {isa = PBXFileReference; explicitFileType = wrapper.application; includeInIndex = 0; path = Beacon.app; sourceTree = BUILT_PRODUCTS_DIR; };
		4C2F87A6194B085E00DDD844 /* Foundation.framework */ = {isa = PBXFileReference; lastKnownFileType = wrapper.framework; name = Foundation.framework; path = System/Library/Frameworks/Foundation.framework; sourceTree = SDKROOT; };
		4C2F87A8194B085E00DDD844 /* CoreGraphics.framework */ = {isa = PBXFileReference; lastKnownFileType = wrapper.framework; name = CoreGraphics.framework; path = System/Library/Frameworks/CoreGraphics.framework; sourceTree = SDKROOT; };
		4C2F87AA194B085E00DDD844 /* UIKit.framework */ = {isa = PBXFileReference; lastKnownFileType = wrapper.framework; name = UIKit.framework; path = System/Library/Frameworks/UIKit.framework; sourceTree = SDKROOT; };
		4C2F87AE194B085E00DDD844 /* Beacon-Info.plist */ = {isa = PBXFileReference; lastKnownFileType = text.plist.xml; path = "Beacon-Info.plist"; sourceTree = "<group>"; };
		4C2F87B0194B085E00DDD844 /* en */ = {isa = PBXFileReference; lastKnownFileType = text.plist.strings; name = en; path = en.lproj/InfoPlist.strings; sourceTree = "<group>"; };
		4C2F87B2194B085E00DDD844 /* main.m */ = {isa = PBXFileReference; lastKnownFileType = sourcecode.c.objc; path = main.m; sourceTree = "<group>"; };
		4C2F87B4194B085E00DDD844 /* Beacon-Prefix.pch */ = {isa = PBXFileReference; lastKnownFileType = sourcecode.c.h; path = "Beacon-Prefix.pch"; sourceTree = "<group>"; };
		4C2F87B5194B085E00DDD844 /* AppDelegate.h */ = {isa = PBXFileReference; lastKnownFileType = sourcecode.c.h; path = AppDelegate.h; sourceTree = "<group>"; };
		4C2F87B6194B085E00DDD844 /* AppDelegate.m */ = {isa = PBXFileReference; lastKnownFileType = sourcecode.c.objc; path = AppDelegate.m; sourceTree = "<group>"; };
		4C2F87B9194B085E00DDD844 /* Base */ = {isa = PBXFileReference; lastKnownFileType = file.storyboard; name = Base; path = Base.lproj/Main.storyboard; sourceTree = "<group>"; };
		4C2F87BB194B085E00DDD844 /* ViewController.h */ = {isa = PBXFileReference; lastKnownFileType = sourcecode.c.h; path = ViewController.h; sourceTree = "<group>"; };
		4C2F87BC194B085E00DDD844 /* ViewController.m */ = {isa = PBXFileReference; lastKnownFileType = sourcecode.c.objc; path = ViewController.m; sourceTree = "<group>"; };
		4C2F87BE194B085E00DDD844 /* Images.xcassets */ = {isa = PBXFileReference; lastKnownFileType = folder.assetcatalog; path = Images.xcassets; sourceTree = "<group>"; };
		4C2F87C4194B085E00DDD844 /* BeaconTests.xctest */ = {isa = PBXFileReference; explicitFileType = wrapper.cfbundle; includeInIndex = 0; path = BeaconTests.xctest; sourceTree = BUILT_PRODUCTS_DIR; };
		4C2F87C5194B085E00DDD844 /* XCTest.framework */ = {isa = PBXFileReference; lastKnownFileType = wrapper.framework; name = XCTest.framework; path = Library/Frameworks/XCTest.framework; sourceTree = DEVELOPER_DIR; };
		4C2F87CD194B085E00DDD844 /* BeaconTests-Info.plist */ = {isa = PBXFileReference; lastKnownFileType = text.plist.xml; path = "BeaconTests-Info.plist"; sourceTree = "<group>"; };
		4C2F87CF194B085E00DDD844 /* en */ = {isa = PBXFileReference; lastKnownFileType = text.plist.strings; name = en; path = en.lproj/InfoPlist.strings; sourceTree = "<group>"; };
		4C2F87D1194B085E00DDD844 /* BeaconTests.m */ = {isa = PBXFileReference; lastKnownFileType = sourcecode.c.objc; path = BeaconTests.m; sourceTree = "<group>"; };
		4C2F87DB194B157000DDD844 /* CoreBluetooth.framework */ = {isa = PBXFileReference; lastKnownFileType = wrapper.framework; name = CoreBluetooth.framework; path = System/Library/Frameworks/CoreBluetooth.framework; sourceTree = SDKROOT; };
		4C2F87DD194B158000DDD844 /* CoreLocation.framework */ = {isa = PBXFileReference; lastKnownFileType = wrapper.framework; name = CoreLocation.framework; path = System/Library/Frameworks/CoreLocation.framework; sourceTree = SDKROOT; };
/* End PBXFileReference section */

/* Begin PBXFrameworksBuildPhase section */
		4C2F87A0194B085E00DDD844 /* Frameworks */ = {
			isa = PBXFrameworksBuildPhase;
			buildActionMask = 2147483647;
			files = (
				4C2F87DE194B158000DDD844 /* CoreLocation.framework in Frameworks */,
				4C2F87DC194B157000DDD844 /* CoreBluetooth.framework in Frameworks */,
				4C2F87A9194B085E00DDD844 /* CoreGraphics.framework in Frameworks */,
				4C2F87AB194B085E00DDD844 /* UIKit.framework in Frameworks */,
				4C2F87A7194B085E00DDD844 /* Foundation.framework in Frameworks */,
			);
			runOnlyForDeploymentPostprocessing = 0;
		};
		4C2F87C1194B085E00DDD844 /* Frameworks */ = {
			isa = PBXFrameworksBuildPhase;
			buildActionMask = 2147483647;
			files = (
				4C2F87C6194B085E00DDD844 /* XCTest.framework in Frameworks */,
				4C2F87C8194B085E00DDD844 /* UIKit.framework in Frameworks */,
				4C2F87C7194B085E00DDD844 /* Foundation.framework in Frameworks */,
			);
			runOnlyForDeploymentPostprocessing = 0;
		};
/* End PBXFrameworksBuildPhase section */

/* Begin PBXGroup section */
		4C2F879A194B085E00DDD844 = {
			isa = PBXGroup;
			children = (
				4C2F87AC194B085E00DDD844 /* Beacon */,
				4C2F87CB194B085E00DDD844 /* BeaconTests */,
				4C2F87A5194B085E00DDD844 /* Frameworks */,
				4C2F87A4194B085E00DDD844 /* Products */,
			);
			sourceTree = "<group>";
		};
		4C2F87A4194B085E00DDD844 /* Products */ = {
			isa = PBXGroup;
			children = (
				4C2F87A3194B085E00DDD844 /* Beacon.app */,
				4C2F87C4194B085E00DDD844 /* BeaconTests.xctest */,
			);
			name = Products;
			sourceTree = "<group>";
		};
		4C2F87A5194B085E00DDD844 /* Frameworks */ = {
			isa = PBXGroup;
			children = (
				4C2F87DD194B158000DDD844 /* CoreLocation.framework */,
				4C2F87DB194B157000DDD844 /* CoreBluetooth.framework */,
				4C2F87A6194B085E00DDD844 /* Foundation.framework */,
				4C2F87A8194B085E00DDD844 /* CoreGraphics.framework */,
				4C2F87AA194B085E00DDD844 /* UIKit.framework */,
				4C2F87C5194B085E00DDD844 /* XCTest.framework */,
			);
			name = Frameworks;
			sourceTree = "<group>";
		};
		4C2F87AC194B085E00DDD844 /* Beacon */ = {
			isa = PBXGroup;
			children = (
				4C2F87B5194B085E00DDD844 /* AppDelegate.h */,
				4C2F87B6194B085E00DDD844 /* AppDelegate.m */,
				4C2F87B8194B085E00DDD844 /* Main.storyboard */,
				4C2F87BB194B085E00DDD844 /* ViewController.h */,
				4C2F87BC194B085E00DDD844 /* ViewController.m */,
				4C2F87BE194B085E00DDD844 /* Images.xcassets */,
				4C2F87AD194B085E00DDD844 /* Supporting Files */,
			);
			path = Beacon;
			sourceTree = "<group>";
		};
		4C2F87AD194B085E00DDD844 /* Supporting Files */ = {
			isa = PBXGroup;
			children = (
				4C2F87AE194B085E00DDD844 /* Beacon-Info.plist */,
				4C2F87AF194B085E00DDD844 /* InfoPlist.strings */,
				4C2F87B2194B085E00DDD844 /* main.m */,
				4C2F87B4194B085E00DDD844 /* Beacon-Prefix.pch */,
			);
			name = "Supporting Files";
			sourceTree = "<group>";
		};
		4C2F87CB194B085E00DDD844 /* BeaconTests */ = {
			isa = PBXGroup;
			children = (
				4C2F87D1194B085E00DDD844 /* BeaconTests.m */,
				4C2F87CC194B085E00DDD844 /* Supporting Files */,
			);
			path = BeaconTests;
			sourceTree = "<group>";
		};
		4C2F87CC194B085E00DDD844 /* Supporting Files */ = {
			isa = PBXGroup;
			children = (
				4C2F87CD194B085E00DDD844 /* BeaconTests-Info.plist */,
				4C2F87CE194B085E00DDD844 /* InfoPlist.strings */,
			);
			name = "Supporting Files";
			sourceTree = "<group>";
		};
/* End PBXGroup section */

/* Begin PBXNativeTarget section */
		4C2F87A2194B085E00DDD844 /* Beacon */ = {
			isa = PBXNativeTarget;
			buildConfigurationList = 4C2F87D5194B085E00DDD844 /* Build configuration list for PBXNativeTarget "Beacon" */;
			buildPhases = (
				4C2F879F194B085E00DDD844 /* Sources */,
				4C2F87A0194B085E00DDD844 /* Frameworks */,
				4C2F87A1194B085E00DDD844 /* Resources */,
			);
			buildRules = (
			);
			dependencies = (
			);
			name = Beacon;
			productName = Beacon;
			productReference = 4C2F87A3194B085E00DDD844 /* Beacon.app */;
			productType = "com.apple.product-type.application";
		};
		4C2F87C3194B085E00DDD844 /* BeaconTests */ = {
			isa = PBXNativeTarget;
			buildConfigurationList = 4C2F87D8194B085E00DDD844 /* Build configuration list for PBXNativeTarget "BeaconTests" */;
			buildPhases = (
				4C2F87C0194B085E00DDD844 /* Sources */,
				4C2F87C1194B085E00DDD844 /* Frameworks */,
				4C2F87C2194B085E00DDD844 /* Resources */,
			);
			buildRules = (
			);
			dependencies = (
				4C2F87CA194B085E00DDD844 /* PBXTargetDependency */,
			);
			name = BeaconTests;
			productName = BeaconTests;
			productReference = 4C2F87C4194B085E00DDD844 /* BeaconTests.xctest */;
			productType = "com.apple.product-type.bundle.unit-test";
		};
/* End PBXNativeTarget section */

/* Begin PBXProject section */
		4C2F879B194B085E00DDD844 /* Project object */ = {
			isa = PBXProject;
			attributes = {
				LastUpgradeCheck = 0510;
				ORGANIZATIONNAME = knowbody;
				TargetAttributes = {
					4C2F87A2194B085E00DDD844 = {
						DevelopmentTeam = XEF622SC57;
					};
					4C2F87C3194B085E00DDD844 = {
						TestTargetID = 4C2F87A2194B085E00DDD844;
					};
				};
			};
			buildConfigurationList = 4C2F879E194B085E00DDD844 /* Build configuration list for PBXProject "Beacon" */;
			compatibilityVersion = "Xcode 3.2";
			developmentRegion = English;
			hasScannedForEncodings = 0;
			knownRegions = (
				en,
				Base,
			);
			mainGroup = 4C2F879A194B085E00DDD844;
			productRefGroup = 4C2F87A4194B085E00DDD844 /* Products */;
			projectDirPath = "";
			projectRoot = "";
			targets = (
				4C2F87A2194B085E00DDD844 /* Beacon */,
				4C2F87C3194B085E00DDD844 /* BeaconTests */,
			);
		};
/* End PBXProject section */

/* Begin PBXResourcesBuildPhase section */
		4C2F87A1194B085E00DDD844 /* Resources */ = {
			isa = PBXResourcesBuildPhase;
			buildActionMask = 2147483647;
			files = (
				4C2F87BF194B085E00DDD844 /* Images.xcassets in Resources */,
				4C2F87B1194B085E00DDD844 /* InfoPlist.strings in Resources */,
				4C2F87BA194B085E00DDD844 /* Main.storyboard in Resources */,
			);
			runOnlyForDeploymentPostprocessing = 0;
		};
		4C2F87C2194B085E00DDD844 /* Resources */ = {
			isa = PBXResourcesBuildPhase;
			buildActionMask = 2147483647;
			files = (
				4C2F87D0194B085E00DDD844 /* InfoPlist.strings in Resources */,
			);
			runOnlyForDeploymentPostprocessing = 0;
		};
/* End PBXResourcesBuildPhase section */

/* Begin PBXSourcesBuildPhase section */
		4C2F879F194B085E00DDD844 /* Sources */ = {
			isa = PBXSourcesBuildPhase;
			buildActionMask = 2147483647;
			files = (
				4C2F87BD194B085E00DDD844 /* ViewController.m in Sources */,
				4C2F87B7194B085E00DDD844 /* AppDelegate.m in Sources */,
				4C2F87B3194B085E00DDD844 /* main.m in Sources */,
			);
			runOnlyForDeploymentPostprocessing = 0;
		};
		4C2F87C0194B085E00DDD844 /* Sources */ = {
			isa = PBXSourcesBuildPhase;
			buildActionMask = 2147483647;
			files = (
				4C2F87D2194B085E00DDD844 /* BeaconTests.m in Sources */,
			);
			runOnlyForDeploymentPostprocessing = 0;
		};
/* End PBXSourcesBuildPhase section */

/* Begin PBXTargetDependency section */
		4C2F87CA194B085E00DDD844 /* PBXTargetDependency */ = {
			isa = PBXTargetDependency;
			target = 4C2F87A2194B085E00DDD844 /* Beacon */;
			targetProxy = 4C2F87C9194B085E00DDD844 /* PBXContainerItemProxy */;
		};
/* End PBXTargetDependency section */

/* Begin PBXVariantGroup section */
		4C2F87AF194B085E00DDD844 /* InfoPlist.strings */ = {
			isa = PBXVariantGroup;
			children = (
				4C2F87B0194B085E00DDD844 /* en */,
			);
			name = InfoPlist.strings;
			sourceTree = "<group>";
		};
		4C2F87B8194B085E00DDD844 /* Main.storyboard */ = {
			isa = PBXVariantGroup;
			children = (
				4C2F87B9194B085E00DDD844 /* Base */,
			);
			name = Main.storyboard;
			sourceTree = "<group>";
		};
		4C2F87CE194B085E00DDD844 /* InfoPlist.strings */ = {
			isa = PBXVariantGroup;
			children = (
				4C2F87CF194B085E00DDD844 /* en */,
			);
			name = InfoPlist.strings;
			sourceTree = "<group>";
		};
/* End PBXVariantGroup section */

/* Begin XCBuildConfiguration section */
		4C2F87D3194B085E00DDD844 /* Debug */ = {
			isa = XCBuildConfiguration;
			buildSettings = {
				ALWAYS_SEARCH_USER_PATHS = NO;
				CLANG_CXX_LANGUAGE_STANDARD = "gnu++0x";
				CLANG_CXX_LIBRARY = "libc++";
				CLANG_ENABLE_MODULES = YES;
				CLANG_ENABLE_OBJC_ARC = YES;
				CLANG_WARN_BOOL_CONVERSION = YES;
				CLANG_WARN_CONSTANT_CONVERSION = YES;
				CLANG_WARN_DIRECT_OBJC_ISA_USAGE = YES_ERROR;
				CLANG_WARN_EMPTY_BODY = YES;
				CLANG_WARN_ENUM_CONVERSION = YES;
				CLANG_WARN_INT_CONVERSION = YES;
				CLANG_WARN_OBJC_ROOT_CLASS = YES_ERROR;
				CLANG_WARN__DUPLICATE_METHOD_MATCH = YES;
				"CODE_SIGN_IDENTITY[sdk=iphoneos*]" = "iPhone Developer";
				COPY_PHASE_STRIP = NO;
				GCC_C_LANGUAGE_STANDARD = gnu99;
				GCC_DYNAMIC_NO_PIC = NO;
				GCC_OPTIMIZATION_LEVEL = 0;
				GCC_PREPROCESSOR_DEFINITIONS = (
					"DEBUG=1",
					"$(inherited)",
				);
				GCC_SYMBOLS_PRIVATE_EXTERN = NO;
				GCC_WARN_64_TO_32_BIT_CONVERSION = YES;
				GCC_WARN_ABOUT_RETURN_TYPE = YES_ERROR;
				GCC_WARN_UNDECLARED_SELECTOR = YES;
				GCC_WARN_UNINITIALIZED_AUTOS = YES_AGGRESSIVE;
				GCC_WARN_UNUSED_FUNCTION = YES;
				GCC_WARN_UNUSED_VARIABLE = YES;
				IPHONEOS_DEPLOYMENT_TARGET = 7.1;
				ONLY_ACTIVE_ARCH = YES;
				SDKROOT = iphoneos;
			};
			name = Debug;
		};
		4C2F87D4194B085E00DDD844 /* Release */ = {
			isa = XCBuildConfiguration;
			buildSettings = {
				ALWAYS_SEARCH_USER_PATHS = NO;
				CLANG_CXX_LANGUAGE_STANDARD = "gnu++0x";
				CLANG_CXX_LIBRARY = "libc++";
				CLANG_ENABLE_MODULES = YES;
				CLANG_ENABLE_OBJC_ARC = YES;
				CLANG_WARN_BOOL_CONVERSION = YES;
				CLANG_WARN_CONSTANT_CONVERSION = YES;
				CLANG_WARN_DIRECT_OBJC_ISA_USAGE = YES_ERROR;
				CLANG_WARN_EMPTY_BODY = YES;
				CLANG_WARN_ENUM_CONVERSION = YES;
				CLANG_WARN_INT_CONVERSION = YES;
				CLANG_WARN_OBJC_ROOT_CLASS = YES_ERROR;
				CLANG_WARN__DUPLICATE_METHOD_MATCH = YES;
				"CODE_SIGN_IDENTITY[sdk=iphoneos*]" = "iPhone Developer";
				COPY_PHASE_STRIP = YES;
				ENABLE_NS_ASSERTIONS = NO;
				GCC_C_LANGUAGE_STANDARD = gnu99;
				GCC_WARN_64_TO_32_BIT_CONVERSION = YES;
				GCC_WARN_ABOUT_RETURN_TYPE = YES_ERROR;
				GCC_WARN_UNDECLARED_SELECTOR = YES;
				GCC_WARN_UNINITIALIZED_AUTOS = YES_AGGRESSIVE;
				GCC_WARN_UNUSED_FUNCTION = YES;
				GCC_WARN_UNUSED_VARIABLE = YES;
				IPHONEOS_DEPLOYMENT_TARGET = 7.1;
				SDKROOT = iphoneos;
				VALIDATE_PRODUCT = YES;
			};
			name = Release;
		};
		4C2F87D6194B085E00DDD844 /* Debug */ = {
			isa = XCBuildConfiguration;
			buildSettings = {
				ASSETCATALOG_COMPILER_APPICON_NAME = AppIcon;
				ASSETCATALOG_COMPILER_LAUNCHIMAGE_NAME = LaunchImage;
				CODE_SIGN_IDENTITY = "iPhone Developer";
				"CODE_SIGN_IDENTITY[sdk=iphoneos*]" = "iPhone Developer";
				GCC_PRECOMPILE_PREFIX_HEADER = YES;
				GCC_PREFIX_HEADER = "Beacon/Beacon-Prefix.pch";
				INFOPLIST_FILE = "Beacon/Beacon-Info.plist";
				PRODUCT_NAME = "$(TARGET_NAME)";
				PROVISIONING_PROFILE = "";
				WRAPPER_EXTENSION = app;
			};
			name = Debug;
		};
		4C2F87D7194B085E00DDD844 /* Release */ = {
			isa = XCBuildConfiguration;
			buildSettings = {
				ASSETCATALOG_COMPILER_APPICON_NAME = AppIcon;
				ASSETCATALOG_COMPILER_LAUNCHIMAGE_NAME = LaunchImage;
				CODE_SIGN_IDENTITY = "iPhone Developer";
				"CODE_SIGN_IDENTITY[sdk=iphoneos*]" = "iPhone Developer";
				GCC_PRECOMPILE_PREFIX_HEADER = YES;
				GCC_PREFIX_HEADER = "Beacon/Beacon-Prefix.pch";
				INFOPLIST_FILE = "Beacon/Beacon-Info.plist";
				PRODUCT_NAME = "$(TARGET_NAME)";
				PROVISIONING_PROFILE = "";
				WRAPPER_EXTENSION = app;
			};
			name = Release;
		};
		4C2F87D9194B085E00DDD844 /* Debug */ = {
			isa = XCBuildConfiguration;
			buildSettings = {
				BUNDLE_LOADER = "$(BUILT_PRODUCTS_DIR)/Beacon.app/Beacon";
				FRAMEWORK_SEARCH_PATHS = (
					"$(SDKROOT)/Developer/Library/Frameworks",
					"$(inherited)",
					"$(DEVELOPER_FRAMEWORKS_DIR)",
				);
				GCC_PRECOMPILE_PREFIX_HEADER = YES;
				GCC_PREFIX_HEADER = "Beacon/Beacon-Prefix.pch";
				GCC_PREPROCESSOR_DEFINITIONS = (
					"DEBUG=1",
					"$(inherited)",
				);
				INFOPLIST_FILE = "BeaconTests/BeaconTests-Info.plist";
				PRODUCT_NAME = "$(TARGET_NAME)";
				TEST_HOST = "$(BUNDLE_LOADER)";
				WRAPPER_EXTENSION = xctest;
			};
			name = Debug;
		};
		4C2F87DA194B085E00DDD844 /* Release */ = {
			isa = XCBuildConfiguration;
			buildSettings = {
				BUNDLE_LOADER = "$(BUILT_PRODUCTS_DIR)/Beacon.app/Beacon";
				FRAMEWORK_SEARCH_PATHS = (
					"$(SDKROOT)/Developer/Library/Frameworks",
					"$(inherited)",
					"$(DEVELOPER_FRAMEWORKS_DIR)",
				);
				GCC_PRECOMPILE_PREFIX_HEADER = YES;
				GCC_PREFIX_HEADER = "Beacon/Beacon-Prefix.pch";
				INFOPLIST_FILE = "BeaconTests/BeaconTests-Info.plist";
				PRODUCT_NAME = "$(TARGET_NAME)";
				TEST_HOST = "$(BUNDLE_LOADER)";
				WRAPPER_EXTENSION = xctest;
			};
			name = Release;
		};
/* End XCBuildConfiguration section */

/* Begin XCConfigurationList section */
		4C2F879E194B085E00DDD844 /* Build configuration list for PBXProject "Beacon" */ = {
			isa = XCConfigurationList;
			buildConfigurations = (
				4C2F87D3194B085E00DDD844 /* Debug */,
				4C2F87D4194B085E00DDD844 /* Release */,
			);
			defaultConfigurationIsVisible = 0;
			defaultConfigurationName = Release;
		};
		4C2F87D5194B085E00DDD844 /* Build configuration list for PBXNativeTarget "Beacon" */ = {
			isa = XCConfigurationList;
			buildConfigurations = (
				4C2F87D6194B085E00DDD844 /* Debug */,
				4C2F87D7194B085E00DDD844 /* Release */,
			);
			defaultConfigurationIsVisible = 0;
		};
		4C2F87D8194B085E00DDD844 /* Build configuration list for PBXNativeTarget "BeaconTests" */ = {
			isa = XCConfigurationList;
			buildConfigurations = (
				4C2F87D9194B085E00DDD844 /* Debug */,
				4C2F87DA194B085E00DDD844 /* Release */,
			);
			defaultConfigurationIsVisible = 0;
		};
/* End XCConfigurationList section */
	};
	rootObject = 4C2F879B194B085E00DDD844 /* Project object */;
}
